
Microsoft Visual Studio Solution File, Format Version 12.00
# Visual Studio Version 16
VisualStudioVersion = 16.0.31729.503
MinimumVisualStudioVersion = 10.0.40219.1
Project("{FAE04EC0-301F-11D3-BF4B-00C04F79EFBC}") = "Loteria", "Loteria\Loteria.csproj", "{AA7AD7C7-8747-4E7E-8426-1AD82F33D980}"
EndProject
Global
	GlobalSection(SolutionConfigurationPlatforms) = preSolution
		Debug|Any CPU = Debug|Any CPU
		Release|Any CPU = Release|Any CPU
	EndGlobalSection
	GlobalSection(ProjectConfigurationPlatforms) = postSolution
		{AA7AD7C7-8747-4E7E-8426-1AD82F33D980}.Debug|Any CPU.ActiveCfg = Debug|Any CPU
		{AA7AD7C7-8747-4E7E-8426-1AD82F33D980}.Debug|Any CPU.Build.0 = Debug|Any CPU
		{AA7AD7C7-8747-4E7E-8426-1AD82F33D980}.Release|Any CPU.ActiveCfg = Release|Any CPU
		{AA7AD7C7-8747-4E7E-8426-1AD82F33D980}.Release|Any CPU.Build.0 = Release|Any CPU
	EndGlobalSection
	GlobalSection(SolutionProperties) = preSolution
		HideSolutionNode = FALSE
	EndGlobalSection
	GlobalSection(ExtensibilityGlobals) = postSolution
		SolutionGuid = {215328E0-5BC1-4EDF-B18C-DF7AB36C5B9D}
	EndGlobalSection
EndGlobal
